
Microsoft Visual Studio Solution File, Format Version 12.00
# Visual Studio 15
VisualStudioVersion = 15.0.28010.2050
MinimumVisualStudioVersion = 10.0.40219.1
Project("{FAE04EC0-301F-11D3-BF4B-00C04F79EFBC}") = "TeachWay", "TeachWay\TeachWay\TeachWay.csproj", "{5899E5DC-213F-40FA-BFF8-0B6E093BAFE4}"
EndProject
Project("{FAE04EC0-301F-11D3-BF4B-00C04F79EFBC}") = "TeachWay.Android", "TeachWay\TeachWay.Android\TeachWay.Android.csproj", "{2726930B-8272-4A4C-A41B-1F7B0B139F4C}"
EndProject
Project("{FAE04EC0-301F-11D3-BF4B-00C04F79EFBC}") = "TeachWay.iOS", "TeachWay\TeachWay.iOS\TeachWay.iOS.csproj", "{B785C774-E61E-4446-A4EF-E760669B3D28}"
EndProject
Global
	GlobalSection(SolutionConfigurationPlatforms) = preSolution
		Ad-Hoc|Any CPU = Ad-Hoc|Any CPU
		Ad-Hoc|iPhone = Ad-Hoc|iPhone
		Ad-Hoc|iPhoneSimulator = Ad-Hoc|iPhoneSimulator
		AppStore|Any CPU = AppStore|Any CPU
		AppStore|iPhone = AppStore|iPhone
		AppStore|iPhoneSimulator = AppStore|iPhoneSimulator
		Debug|Any CPU = Debug|Any CPU
		Debug|iPhone = Debug|iPhone
		Debug|iPhoneSimulator = Debug|iPhoneSimulator
		Release|Any CPU = Release|Any CPU
		Release|iPhone = Release|iPhone
		Release|iPhoneSimulator = Release|iPhoneSimulator
	EndGlobalSection
	GlobalSection(ProjectConfigurationPlatforms) = postSolution
		{5899E5DC-213F-40FA-BFF8-0B6E093BAFE4}.Ad-Hoc|Any CPU.ActiveCfg = Debug|Any CPU
		{5899E5DC-213F-40FA-BFF8-0B6E093BAFE4}.Ad-Hoc|Any CPU.Build.0 = Debug|Any CPU
		{5899E5DC-213F-40FA-BFF8-0B6E093BAFE4}.Ad-Hoc|iPhone.ActiveCfg = Debug|Any CPU
		{5899E5DC-213F-40FA-BFF8-0B6E093BAFE4}.Ad-Hoc|iPhone.Build.0 = Debug|Any CPU
		{5899E5DC-213F-40FA-BFF8-0B6E093BAFE4}.Ad-Hoc|iPhoneSimulator.ActiveCfg = Debug|Any CPU
		{5899E5DC-213F-40FA-BFF8-0B6E093BAFE4}.Ad-Hoc|iPhoneSimulator.Build.0 = Debug|Any CPU
		{5899E5DC-213F-40FA-BFF8-0B6E093BAFE4}.AppStore|Any CPU.ActiveCfg = Debug|Any CPU
		{5899E5DC-213F-40FA-BFF8-0B6E093BAFE4}.AppStore|Any CPU.Build.0 = Debug|Any CPU
		{5899E5DC-213F-40FA-BFF8-0B6E093BAFE4}.AppStore|iPhone.ActiveCfg = Debug|Any CPU
		{5899E5DC-213F-40FA-BFF8-0B6E093BAFE4}.AppStore|iPhone.Build.0 = Debug|Any CPU
		{5899E5DC-213F-40FA-BFF8-0B6E093BAFE4}.AppStore|iPhoneSimulator.ActiveCfg = Debug|Any CPU
		{5899E5DC-213F-40FA-BFF8-0B6E093BAFE4}.AppStore|iPhoneSimulator.Build.0 = Debug|Any CPU
		{5899E5DC-213F-40FA-BFF8-0B6E093BAFE4}.Debug|Any CPU.ActiveCfg = Debug|Any CPU
		{5899E5DC-213F-40FA-BFF8-0B6E093BAFE4}.Debug|Any CPU.Build.0 = Debug|Any CPU
		{5899E5DC-213F-40FA-BFF8-0B6E093BAFE4}.Debug|iPhone.ActiveCfg = Debug|Any CPU
		{5899E5DC-213F-40FA-BFF8-0B6E093BAFE4}.Debug|iPhone.Build.0 = Debug|Any CPU
		{5899E5DC-213F-40FA-BFF8-0B6E093BAFE4}.Debug|iPhoneSimulator.ActiveCfg = Debug|Any CPU
		{5899E5DC-213F-40FA-BFF8-0B6E093BAFE4}.Debug|iPhoneSimulator.Build.0 = Debug|Any CPU
		{5899E5DC-213F-40FA-BFF8-0B6E093BAFE4}.Release|Any CPU.ActiveCfg = Release|Any CPU
		{5899E5DC-213F-40FA-BFF8-0B6E093BAFE4}.Release|Any CPU.Build.0 = Release|Any CPU
		{5899E5DC-213F-40FA-BFF8-0B6E093BAFE4}.Release|iPhone.ActiveCfg = Release|Any CPU
		{5899E5DC-213F-40FA-BFF8-0B6E093BAFE4}.Release|iPhone.Build.0 = Release|Any CPU
		{5899E5DC-213F-40FA-BFF8-0B6E093BAFE4}.Release|iPhoneSimulator.ActiveCfg = Release|Any CPU
		{5899E5DC-213F-40FA-BFF8-0B6E093BAFE4}.Release|iPhoneSimulator.Build.0 = Release|Any CPU
		{2726930B-8272-4A4C-A41B-1F7B0B139F4C}.Ad-Hoc|Any CPU.ActiveCfg = Release|Any CPU
		{2726930B-8272-4A4C-A41B-1F7B0B139F4C}.Ad-Hoc|Any CPU.Build.0 = Release|Any CPU
		{2726930B-8272-4A4C-A41B-1F7B0B139F4C}.Ad-Hoc|Any CPU.Deploy.0 = Release|Any CPU
		{2726930B-8272-4A4C-A41B-1F7B0B139F4C}.Ad-Hoc|iPhone.ActiveCfg = Release|Any CPU
		{2726930B-8272-4A4C-A41B-1F7B0B139F4C}.Ad-Hoc|iPhone.Build.0 = Release|Any CPU
		{2726930B-8272-4A4C-A41B-1F7B0B139F4C}.Ad-Hoc|iPhone.Deploy.0 = Release|Any CPU
		{2726930B-8272-4A4C-A41B-1F7B0B139F4C}.Ad-Hoc|iPhoneSimulator.ActiveCfg = Release|Any CPU
		{2726930B-8272-4A4C-A41B-1F7B0B139F4C}.Ad-Hoc|iPhoneSimulator.Build.0 = Release|Any CPU
		{2726930B-8272-4A4C-A41B-1F7B0B139F4C}.Ad-Hoc|iPhoneSimulator.Deploy.0 = Release|Any CPU
		{2726930B-8272-4A4C-A41B-1F7B0B139F4C}.AppStore|Any CPU.ActiveCfg = Release|Any CPU
		{2726930B-8272-4A4C-A41B-1F7B0B139F4C}.AppStore|Any CPU.Build.0 = Release|Any CPU
		{2726930B-8272-4A4C-A41B-1F7B0B139F4C}.AppStore|Any CPU.Deploy.0 = Release|Any CPU
		{2726930B-8272-4A4C-A41B-1F7B0B139F4C}.AppStore|iPhone.ActiveCfg = Release|Any CPU
		{2726930B-8272-4A4C-A41B-1F7B0B139F4C}.AppStore|iPhone.Build.0 = Release|Any CPU
		{2726930B-8272-4A4C-A41B-1F7B0B139F4C}.AppStore|iPhone.Deploy.0 = Release|Any CPU
		{2726930B-8272-4A4C-A41B-1F7B0B139F4C}.AppStore|iPhoneSimulator.ActiveCfg = Release|Any CPU
		{2726930B-8272-4A4C-A41B-1F7B0B139F4C}.AppStore|iPhoneSimulator.Build.0 = Release|Any CPU
		{2726930B-8272-4A4C-A41B-1F7B0B139F4C}.AppStore|iPhoneSimulator.Deploy.0 = Release|Any CPU
		{2726930B-8272-4A4C-A41B-1F7B0B139F4C}.Debug|Any CPU.ActiveCfg = Debug|Any CPU
		{2726930B-8272-4A4C-A41B-1F7B0B139F4C}.Debug|Any CPU.Build.0 = Debug|Any CPU
		{2726930B-8272-4A4C-A41B-1F7B0B139F4C}.Debug|Any CPU.Deploy.0 = Debug|Any CPU
		{2726930B-8272-4A4C-A41B-1F7B0B139F4C}.Debug|iPhone.ActiveCfg = Debug|Any CPU
		{2726930B-8272-4A4C-A41B-1F7B0B139F4C}.Debug|iPhone.Build.0 = Debug|Any CPU
		{2726930B-8272-4A4C-A41B-1F7B0B139F4C}.Debug|iPhone.Deploy.0 = Debug|Any CPU
		{2726930B-8272-4A4C-A41B-1F7B0B139F4C}.Debug|iPhoneSimulator.ActiveCfg = Debug|Any CPU
		{2726930B-8272-4A4C-A41B-1F7B0B139F4C}.Debug|iPhoneSimulator.Build.0 = Debug|Any CPU
		{2726930B-8272-4A4C-A41B-1F7B0B139F4C}.Debug|iPhoneSimulator.Deploy.0 = Debug|Any CPU
		{2726930B-8272-4A4C-A41B-1F7B0B139F4C}.Release|Any CPU.ActiveCfg = Release|Any CPU
		{2726930B-8272-4A4C-A41B-1F7B0B139F4C}.Release|Any CPU.Build.0 = Release|Any CPU
		{2726930B-8272-4A4C-A41B-1F7B0B139F4C}.Release|Any CPU.Deploy.0 = Release|Any CPU
		{2726930B-8272-4A4C-A41B-1F7B0B139F4C}.Release|iPhone.ActiveCfg = Release|Any CPU
		{2726930B-8272-4A4C-A41B-1F7B0B139F4C}.Release|iPhone.Build.0 = Release|Any CPU
		{2726930B-8272-4A4C-A41B-1F7B0B139F4C}.Release|iPhone.Deploy.0 = Release|Any CPU
		{2726930B-8272-4A4C-A41B-1F7B0B139F4C}.Release|iPhoneSimulator.ActiveCfg = Release|Any CPU
		{2726930B-8272-4A4C-A41B-1F7B0B139F4C}.Release|iPhoneSimulator.Build.0 = Release|Any CPU
		{2726930B-8272-4A4C-A41B-1F7B0B139F4C}.Release|iPhoneSimulator.Deploy.0 = Release|Any CPU
		{B785C774-E61E-4446-A4EF-E760669B3D28}.Ad-Hoc|Any CPU.ActiveCfg = Ad-Hoc|iPhone
		{B785C774-E61E-4446-A4EF-E760669B3D28}.Ad-Hoc|iPhone.ActiveCfg = Ad-Hoc|iPhone
		{B785C774-E61E-4446-A4EF-E760669B3D28}.Ad-Hoc|iPhone.Build.0 = Ad-Hoc|iPhone
		{B785C774-E61E-4446-A4EF-E760669B3D28}.Ad-Hoc|iPhoneSimulator.ActiveCfg = Ad-Hoc|iPhoneSimulator
		{B785C774-E61E-4446-A4EF-E760669B3D28}.Ad-Hoc|iPhoneSimulator.Build.0 = Ad-Hoc|iPhoneSimulator
		{B785C774-E61E-4446-A4EF-E760669B3D28}.AppStore|Any CPU.ActiveCfg = AppStore|iPhone
		{B785C774-E61E-4446-A4EF-E760669B3D28}.AppStore|iPhone.ActiveCfg = AppStore|iPhone
		{B785C774-E61E-4446-A4EF-E760669B3D28}.AppStore|iPhone.Build.0 = AppStore|iPhone
		{B785C774-E61E-4446-A4EF-E760669B3D28}.AppStore|iPhoneSimulator.ActiveCfg = AppStore|iPhoneSimulator
		{B785C774-E61E-4446-A4EF-E760669B3D28}.AppStore|iPhoneSimulator.Build.0 = AppStore|iPhoneSimulator
		{B785C774-E61E-4446-A4EF-E760669B3D28}.Debug|Any CPU.ActiveCfg = Debug|iPhone
		{B785C774-E61E-4446-A4EF-E760669B3D28}.Debug|iPhone.ActiveCfg = Debug|iPhone
		{B785C774-E61E-4446-A4EF-E760669B3D28}.Debug|iPhone.Build.0 = Debug|iPhone
		{B785C774-E61E-4446-A4EF-E760669B3D28}.Debug|iPhoneSimulator.ActiveCfg = Debug|iPhoneSimulator
		{B785C774-E61E-4446-A4EF-E760669B3D28}.Debug|iPhoneSimulator.Build.0 = Debug|iPhoneSimulator
		{B785C774-E61E-4446-A4EF-E760669B3D28}.Release|Any CPU.ActiveCfg = Release|iPhone
		{B785C774-E61E-4446-A4EF-E760669B3D28}.Release|iPhone.ActiveCfg = Release|iPhone
		{B785C774-E61E-4446-A4EF-E760669B3D28}.Release|iPhone.Build.0 = Release|iPhone
		{B785C774-E61E-4446-A4EF-E760669B3D28}.Release|iPhoneSimulator.ActiveCfg = Release|iPhoneSimulator
		{B785C774-E61E-4446-A4EF-E760669B3D28}.Release|iPhoneSimulator.Build.0 = Release|iPhoneSimulator
	EndGlobalSection
	GlobalSection(SolutionProperties) = preSolution
		HideSolutionNode = FALSE
	EndGlobalSection
	GlobalSection(ExtensibilityGlobals) = postSolution
		SolutionGuid = {E2C95EB5-613F-40E7-AA63-9BB933F3E1D8}
	EndGlobalSection
EndGlobal
